<?xml version="1.0" encoding="UTF-8" standalone="yes" ?>
<CodeBlocks_project_file>
	<FileVersion major="1" minor="6" />
	<Project>
		<Option title="Liquid" />
		<Option makefile_is_custom="1" />
		<Option pch_mode="2" />
		<Option compiler="gcc" />
		<MakeCommands>
			<Build command="$make -f $makefile $target -j 4" />
			<CompileFile command="$make -f $makefile $file" />
			<Clean command="$make -f $makefile clean$target" />
			<DistClean command="$make -f $makefile distclean$target" />
			<AskRebuildNeeded command="$make -q -f $makefile $target" />
			<SilentBuild command="$make -f $makefile $target -j 4 &gt; $(CMD_NULL)" />
		</MakeCommands>
		<Build>
			<Target title="library">
				<Option output="bin/libliquid" prefix_auto="1" extension_auto="1" />
				<Option working_dir="bin" />
				<Option object_output="obj/" />
				<Option type="1" />
				<Option compiler="gcc" />
				<Option projectCompilerOptionsRelation="2" />
				<MakeCommands>
					<Build command="$make -f $makefile $target -j 4" />
					<CompileFile command="$make -f $makefile $file" />
					<Clean command="$make -f $makefile clean$target" />
					<DistClean command="$make -f $makefile distclean$target" />
					<AskRebuildNeeded command="$make -q -f $makefile $target" />
					<SilentBuild command="$make -f $makefile $target -j 4 &gt; $(CMD_NULL)" />
				</MakeCommands>
			</Target>
			<Target title="test">
				<Option output="bin/01sanity" prefix_auto="1" extension_auto="1" />
				<Option type="1" />
				<Option compiler="gcc" />
				<Option parameters="--gtest_filter=sanity.composite" />
				<MakeCommands>
					<Build command="$make -f $makefile $target -j 4" />
					<CompileFile command="$make -f $makefile $file" />
					<Clean command="$make -f $makefile clean$target" />
					<DistClean command="$make -f $makefile distclean$target" />
					<AskRebuildNeeded command="$make -q -f $makefile $target" />
					<SilentBuild command="$make -f $makefile $target -j 4 &gt; $(CMD_NULL)" />
				</MakeCommands>
			</Target>
		</Build>
		<Compiler>
			<Add option="-Wall" />
			<Add option="-fexceptions -std=c++17" />
			<Add directory="/usr/include/qdbm" />
		</Compiler>
		<Linker>
			<Add option="-Wl,-Bstatic" />
			<Add option="-licuuc" />
			<Add option="-licui18n" />
			<Add option="-Wl,-Bdynamic" />
			<Add library="libqdbm" />
			<Add library="pthread" />
			<Add library="libz" />
			<Add library="libtokyocabinet" />
		</Linker>
		<Unit filename="CMakeLists.txt" />
		<Unit filename="Makefile">
			<Option target="library" />
		</Unit>
		<Unit filename="README.md" />
		<Unit filename="perl/XS.xs" />
		<Unit filename="perl/lib/WWW/Shopify/Liquid/XS.pm" />
		<Unit filename="perl/t/WWW-Shopify-Liquid-XS.t" />
		<Unit filename="perl/test.pl" />
		<Unit filename="ruby/Rakefile" />
		<Unit filename="ruby/ext/liquidc/extconf.rb" />
		<Unit filename="ruby/ext/liquidc/liquid.c">
			<Option compilerVar="CC" />
		</Unit>
		<Unit filename="ruby/lib/liquidc.rb" />
		<Unit filename="ruby/t/test.rb" />
		<Unit filename="src/common.h" />
		<Unit filename="src/context.cpp">
			<Option target="library" />
		</Unit>
		<Unit filename="src/context.h">
			<Option target="library" />
		</Unit>
		<Unit filename="src/cppvariable.h" />
		<Unit filename="src/dialect.cpp" />
		<Unit filename="src/dialect.h" />
		<Unit filename="src/interface.cpp" />
		<Unit filename="src/interface.h" />
		<Unit filename="src/lexer.h">
			<Option target="library" />
		</Unit>
		<Unit filename="src/liquid.h" />
		<Unit filename="src/parser.cpp" />
		<Unit filename="src/parser.h">
			<Option target="library" />
		</Unit>
		<Unit filename="src/renderer.cpp" />
		<Unit filename="src/renderer.h">
			<Option target="library" />
		</Unit>
		<Unit filename="t/01sanity.cpp" />
		<Extensions />
	</Project>
</CodeBlocks_project_file>
